
Microsoft Visual Studio Solution File, Format Version 12.00
# Visual Studio Version 16
VisualStudioVersion = 16.0.31112.23
MinimumVisualStudioVersion = 10.0.40219.1
Project("{2150E333-8FDC-42A3-9474-1A3956D46DE8}") = "Library.RestApi", "Library.RestApi", "{B309E0D9-A41F-40E6-BAC3-58C93F44BF0E}"
EndProject
Project("{FAE04EC0-301F-11D3-BF4B-00C04F79EFBC}") = "Library.RestApi", "Library.RestApi\Library.RestApi.csproj", "{DFF40141-7765-4557-B8FE-1758BFE323A0}"
EndProject
Global
	GlobalSection(SolutionConfigurationPlatforms) = preSolution
		Debug|Any CPU = Debug|Any CPU
		Release|Any CPU = Release|Any CPU
	EndGlobalSection
	GlobalSection(ProjectConfigurationPlatforms) = postSolution
		{DFF40141-7765-4557-B8FE-1758BFE323A0}.Debug|Any CPU.ActiveCfg = Debug|Any CPU
		{DFF40141-7765-4557-B8FE-1758BFE323A0}.Debug|Any CPU.Build.0 = Debug|Any CPU
		{DFF40141-7765-4557-B8FE-1758BFE323A0}.Release|Any CPU.ActiveCfg = Release|Any CPU
		{DFF40141-7765-4557-B8FE-1758BFE323A0}.Release|Any CPU.Build.0 = Release|Any CPU
	EndGlobalSection
	GlobalSection(SolutionProperties) = preSolution
		HideSolutionNode = FALSE
	EndGlobalSection
	GlobalSection(NestedProjects) = preSolution
		{DFF40141-7765-4557-B8FE-1758BFE323A0} = {B309E0D9-A41F-40E6-BAC3-58C93F44BF0E}
	EndGlobalSection
	GlobalSection(ExtensibilityGlobals) = postSolution
		SolutionGuid = {F21FCBC8-F74D-43C3-9CD0-63479B9EE9B9}
	EndGlobalSection
EndGlobal
